
Microsoft Visual Studio Solution File, Format Version 12.00
# Visual Studio Version 16
VisualStudioVersion = 16.0.31702.278
MinimumVisualStudioVersion = 10.0.40219.1
Project("{FAE04EC0-301F-11D3-BF4B-00C04F79EFBC}") = "Autokolcsonzo", "Autokolcsonzo\Autokolcsonzo.csproj", "{7CD3BC86-34DF-4F83-B1FA-8B1FA8016690}"
EndProject
Global
	GlobalSection(SolutionConfigurationPlatforms) = preSolution
		Debug|Any CPU = Debug|Any CPU
		Release|Any CPU = Release|Any CPU
	EndGlobalSection
	GlobalSection(ProjectConfigurationPlatforms) = postSolution
		{7CD3BC86-34DF-4F83-B1FA-8B1FA8016690}.Debug|Any CPU.ActiveCfg = Debug|Any CPU
		{7CD3BC86-34DF-4F83-B1FA-8B1FA8016690}.Debug|Any CPU.Build.0 = Debug|Any CPU
		{7CD3BC86-34DF-4F83-B1FA-8B1FA8016690}.Release|Any CPU.ActiveCfg = Release|Any CPU
		{7CD3BC86-34DF-4F83-B1FA-8B1FA8016690}.Release|Any CPU.Build.0 = Release|Any CPU
	EndGlobalSection
	GlobalSection(SolutionProperties) = preSolution
		HideSolutionNode = FALSE
	EndGlobalSection
	GlobalSection(ExtensibilityGlobals) = postSolution
		SolutionGuid = {F2DF0C44-5FA1-49C6-85D9-DB9355E3C39B}
	EndGlobalSection
EndGlobal
